// !$*UTF8*$!
{
	archiveVersion = 1;
	classes = {
	};
	objectVersion = 46;
	objects = {

/* Begin PBXBuildFile section */
		7FD622F01C137ED3000D54DA /* Icon-7@2x.png in Resources */ = {isa = PBXBuildFile; fileRef = 7FD622EF1C137ED3000D54DA /* Icon-7@2x.png */; };
		7FD622F61C138233000D54DA /* Icon-34@2x.png in Resources */ = {isa = PBXBuildFile; fileRef = 7FD622F51C138233000D54DA /* Icon-34@2x.png */; };
		7FD622F81C13837C000D54DA /* Icon-35@2x.png in Resources */ = {isa = PBXBuildFile; fileRef = 7FD622F71C13837C000D54DA /* Icon-35@2x.png */; };
		7FD622FA1C1388BF000D54DA /* Icon-32@2x.png in Resources */ = {isa = PBXBuildFile; fileRef = 7FD622F91C1388BF000D54DA /* Icon-32@2x.png */; };
		7FD622FC1C138AC3000D54DA /* Icon-36@2x.png in Resources */ = {isa = PBXBuildFile; fileRef = 7FD622FB1C138AC3000D54DA /* Icon-36@2x.png */; };
		7FD622FE1C138B54000D54DA /* Icon-37@2x.png in Resources */ = {isa = PBXBuildFile; fileRef = 7FD622FD1C138B54000D54DA /* Icon-37@2x.png */; };
		7FD623001C138BD6000D54DA /* Icon-38@2x.png in Resources */ = {isa = PBXBuildFile; fileRef = 7FD622FF1C138BD6000D54DA /* Icon-38@2x.png */; };
		7FD623021C138D73000D54DA /* Icon-39@2x.png in Resources */ = {isa = PBXBuildFile; fileRef = 7FD623011C138D73000D54DA /* Icon-39@2x.png */; };
		7FD623041C138F51000D54DA /* Icon-40@2x.png in Resources */ = {isa = PBXBuildFile; fileRef = 7FD623031C138F51000D54DA /* Icon-40@2x.png */; };
		7FD623061C138FDB000D54DA /* Icon-41@2x.png in Resources */ = {isa = PBXBuildFile; fileRef = 7FD623051C138FDB000D54DA /* Icon-41@2x.png */; };
		7FD623081C13901D000D54DA /* Icon-42@2x.png in Resources */ = {isa = PBXBuildFile; fileRef = 7FD623071C13901D000D54DA /* Icon-42@2x.png */; };
		7FD6230A1C13916E000D54DA /* Icon-43@2x.png in Resources */ = {isa = PBXBuildFile; fileRef = 7FD623091C13916E000D54DA /* Icon-43@2x.png */; };
		7FD6230E1C13931A000D54DA /* Icon-44@2x.png in Resources */ = {isa = PBXBuildFile; fileRef = 7FD6230D1C13931A000D54DA /* Icon-44@2x.png */; };
		7FEAC5DC1CB9EDA500B76BEE /* Icon-45@2x.png in Resources */ = {isa = PBXBuildFile; fileRef = 7FEAC5DB1CB9EDA500B76BEE /* Icon-45@2x.png */; };
		A069C6CD19FEBB7400E7E6D5 /* Icon-0@2x.png in Resources */ = {isa = PBXBuildFile; fileRef = A069C6CC19FEBB7400E7E6D5 /* Icon-0@2x.png */; };
		A069C6CF19FEDA9B00E7E6D5 /* LICENSE.md in Resources */ = {isa = PBXBuildFile; fileRef = A069C6CE19FEDA9B00E7E6D5 /* LICENSE.md */; };
		A069C6D119FEDAA200E7E6D5 /* README.md in Resources */ = {isa = PBXBuildFile; fileRef = A069C6D019FEDAA200E7E6D5 /* README.md */; };
		A073BBB819F9C7AB0068D6A6 /* main.m in Sources */ = {isa = PBXBuildFile; fileRef = A073BBB719F9C7AB0068D6A6 /* main.m */; };
		A073BBBB19F9C7AB0068D6A6 /* AppDelegate.m in Sources */ = {isa = PBXBuildFile; fileRef = A073BBBA19F9C7AB0068D6A6 /* AppDelegate.m */; };
		A073BBBE19F9C7AB0068D6A6 /* ViewController.m in Sources */ = {isa = PBXBuildFile; fileRef = A073BBBD19F9C7AB0068D6A6 /* ViewController.m */; };
		A073BBC119F9C7AB0068D6A6 /* Main.storyboard in Resources */ = {isa = PBXBuildFile; fileRef = A073BBBF19F9C7AB0068D6A6 /* Main.storyboard */; };
		A073BBC319F9C7AB0068D6A6 /* Images.xcassets in Resources */ = {isa = PBXBuildFile; fileRef = A073BBC219F9C7AB0068D6A6 /* Images.xcassets */; };
		A073BBC619F9C7AB0068D6A6 /* LaunchScreen.xib in Resources */ = {isa = PBXBuildFile; fileRef = A073BBC419F9C7AB0068D6A6 /* LaunchScreen.xib */; };
		A073BBD219F9C7AC0068D6A6 /* WatchSpringboardTests.m in Sources */ = {isa = PBXBuildFile; fileRef = A073BBD119F9C7AC0068D6A6 /* WatchSpringboardTests.m */; };
		A073BBDE19F9C8220068D6A6 /* LMSpringboardView.m in Sources */ = {isa = PBXBuildFile; fileRef = A073BBDD19F9C8220068D6A6 /* LMSpringboardView.m */; };
		A089811319FAF4EC00034E0B /* LMViewControllerView.m in Sources */ = {isa = PBXBuildFile; fileRef = A089811219FAF4EC00034E0B /* LMViewControllerView.m */; };
		A089813719FAFC7900034E0B /* Icon-0-for-vibrancy@2x.png in Resources */ = {isa = PBXBuildFile; fileRef = A089811519FAFC7900034E0B /* Icon-0-for-vibrancy@2x.png */; };
		A089813819FAFC7900034E0B /* Icon-10@2x.png in Resources */ = {isa = PBXBuildFile; fileRef = A089811619FAFC7900034E0B /* Icon-10@2x.png */; };
		A089813919FAFC7900034E0B /* Icon-11@2x.png in Resources */ = {isa = PBXBuildFile; fileRef = A089811719FAFC7900034E0B /* Icon-11@2x.png */; };
		A089813A19FAFC7900034E0B /* Icon-12@2x.png in Resources */ = {isa = PBXBuildFile; fileRef = A089811819FAFC7900034E0B /* Icon-12@2x.png */; };
		A089813B19FAFC7900034E0B /* Icon-13@2x.png in Resources */ = {isa = PBXBuildFile; fileRef = A089811919FAFC7900034E0B /* Icon-13@2x.png */; };
		A089813C19FAFC7900034E0B /* Icon-14@2x.png in Resources */ = {isa = PBXBuildFile; fileRef = A089811A19FAFC7900034E0B /* Icon-14@2x.png */; };
		A089813D19FAFC7900034E0B /* Icon-15@2x.png in Resources */ = {isa = PBXBuildFile; fileRef = A089811B19FAFC7900034E0B /* Icon-15@2x.png */; };
		A089813E19FAFC7900034E0B /* Icon-16@2x.png in Resources */ = {isa = PBXBuildFile; fileRef = A089811C19FAFC7900034E0B /* Icon-16@2x.png */; };
		A089813F19FAFC7900034E0B /* Icon-17@2x.png in Resources */ = {isa = PBXBuildFile; fileRef = A089811D19FAFC7900034E0B /* Icon-17@2x.png */; };
		A089814019FAFC7900034E0B /* Icon-18@2x.png in Resources */ = {isa = PBXBuildFile; fileRef = A089811E19FAFC7900034E0B /* Icon-18@2x.png */; };
		A089814119FAFC7900034E0B /* Icon-19@2x.png in Resources */ = {isa = PBXBuildFile; fileRef = A089811F19FAFC7900034E0B /* Icon-19@2x.png */; };
		A089814219FAFC7900034E0B /* Icon-1@2x.png in Resources */ = {isa = PBXBuildFile; fileRef = A089812019FAFC7900034E0B /* Icon-1@2x.png */; };
		A089814319FAFC7900034E0B /* Icon-20@2x.png in Resources */ = {isa = PBXBuildFile; fileRef = A089812119FAFC7900034E0B /* Icon-20@2x.png */; };
		A089814419FAFC7900034E0B /* Icon-21@2x.png in Resources */ = {isa = PBXBuildFile; fileRef = A089812219FAFC7900034E0B /* Icon-21@2x.png */; };
		A089814519FAFC7900034E0B /* Icon-22@2x.png in Resources */ = {isa = PBXBuildFile; fileRef = A089812319FAFC7900034E0B /* Icon-22@2x.png */; };
		A089814619FAFC7900034E0B /* Icon-23@2x.png in Resources */ = {isa = PBXBuildFile; fileRef = A089812419FAFC7900034E0B /* Icon-23@2x.png */; };
		A089814719FAFC7900034E0B /* Icon-24@2x.png in Resources */ = {isa = PBXBuildFile; fileRef = A089812519FAFC7900034E0B /* Icon-24@2x.png */; };
		A089814819FAFC7900034E0B /* Icon-25@2x.png in Resources */ = {isa = PBXBuildFile; fileRef = A089812619FAFC7900034E0B /* Icon-25@2x.png */; };
		A089814919FAFC7900034E0B /* Icon-26@2x.png in Resources */ = {isa = PBXBuildFile; fileRef = A089812719FAFC7900034E0B /* Icon-26@2x.png */; };
		A089814A19FAFC7900034E0B /* Icon-27@2x.png in Resources */ = {isa = PBXBuildFile; fileRef = A089812819FAFC7900034E0B /* Icon-27@2x.png */; };
		A089814B19FAFC7900034E0B /* Icon-28@2x.png in Resources */ = {isa = PBXBuildFile; fileRef = A089812919FAFC7900034E0B /* Icon-28@2x.png */; };
		A089814C19FAFC7900034E0B /* Icon-29@2x.png in Resources */ = {isa = PBXBuildFile; fileRef = A089812A19FAFC7900034E0B /* Icon-29@2x.png */; };
		A089814D19FAFC7900034E0B /* Icon-2@2x.png in Resources */ = {isa = PBXBuildFile; fileRef = A089812B19FAFC7900034E0B /* Icon-2@2x.png */; };
		A089814E19FAFC7900034E0B /* Icon-30@2x.png in Resources */ = {isa = PBXBuildFile; fileRef = A089812C19FAFC7900034E0B /* Icon-30@2x.png */; };
		A089814F19FAFC7900034E0B /* Icon-31@2x.png in Resources */ = {isa = PBXBuildFile; fileRef = A089812D19FAFC7900034E0B /* Icon-31@2x.png */; };
		A089815119FAFC7900034E0B /* Icon-33@2x.png in Resources */ = {isa = PBXBuildFile; fileRef = A089812F19FAFC7900034E0B /* Icon-33@2x.png */; };
		A089815219FAFC7900034E0B /* Icon-3@2x.png in Resources */ = {isa = PBXBuildFile; fileRef = A089813019FAFC7900034E0B /* Icon-3@2x.png */; };
		A089815319FAFC7900034E0B /* Icon-4@2x.png in Resources */ = {isa = PBXBuildFile; fileRef = A089813119FAFC7900034E0B /* Icon-4@2x.png */; };
		A089815419FAFC7900034E0B /* Icon-5@2x.png in Resources */ = {isa = PBXBuildFile; fileRef = A089813219FAFC7900034E0B /* Icon-5@2x.png */; };
		A089815519FAFC7900034E0B /* Icon-6@2x.png in Resources */ = {isa = PBXBuildFile; fileRef = A089813319FAFC7900034E0B /* Icon-6@2x.png */; };
		A089815719FAFC7900034E0B /* Icon-8@2x.png in Resources */ = {isa = PBXBuildFile; fileRef = A089813519FAFC7900034E0B /* Icon-8@2x.png */; };
		A089815819FAFC7900034E0B /* Icon-9@2x.png in Resources */ = {isa = PBXBuildFile; fileRef = A089813619FAFC7900034E0B /* Icon-9@2x.png */; };
		A089815B19FB039E00034E0B /* LMSpringboardItemView.m in Sources */ = {isa = PBXBuildFile; fileRef = A089815A19FB039E00034E0B /* LMSpringboardItemView.m */; };
		B2E377B819FF127A00A10D5E /* LMApp.m in Sources */ = {isa = PBXBuildFile; fileRef = B2E377B519FF127A00A10D5E /* LMApp.m */; };
		B2E377B919FF127A00A10D5E /* LMAppController.m in Sources */ = {isa = PBXBuildFile; fileRef = B2E377B719FF127A00A10D5E /* LMAppController.m */; };
/* End PBXBuildFile section */

/* Begin PBXContainerItemProxy section */
		A073BBCC19F9C7AC0068D6A6 /* PBXContainerItemProxy */ = {
			isa = PBXContainerItemProxy;
			containerPortal = A073BBAA19F9C7AB0068D6A6 /* Project object */;
			proxyType = 1;
			remoteGlobalIDString = A073BBB119F9C7AB0068D6A6;
			remoteInfo = WatchSpringboard;
		};
/* End PBXContainerItemProxy section */

/* Begin PBXFileReference section */
		7FD622EF1C137ED3000D54DA /* Icon-7@2x.png */ = {isa = PBXFileReference; lastKnownFileType = image.png; path = "Icon-7@2x.png"; sourceTree = "<group>"; };
		7FD622F51C138233000D54DA /* Icon-34@2x.png */ = {isa = PBXFileReference; lastKnownFileType = image.png; path = "Icon-34@2x.png"; sourceTree = "<group>"; };
		7FD622F71C13837C000D54DA /* Icon-35@2x.png */ = {isa = PBXFileReference; lastKnownFileType = image.png; path = "Icon-35@2x.png"; sourceTree = "<group>"; };
		7FD622F91C1388BF000D54DA /* Icon-32@2x.png */ = {isa = PBXFileReference; lastKnownFileType = image.png; path = "Icon-32@2x.png"; sourceTree = "<group>"; };
		7FD622FB1C138AC3000D54DA /* Icon-36@2x.png */ = {isa = PBXFileReference; lastKnownFileType = image.png; path = "Icon-36@2x.png"; sourceTree = "<group>"; };
		7FD622FD1C138B54000D54DA /* Icon-37@2x.png */ = {isa = PBXFileReference; lastKnownFileType = image.png; path = "Icon-37@2x.png"; sourceTree = "<group>"; };
		7FD622FF1C138BD6000D54DA /* Icon-38@2x.png */ = {isa = PBXFileReference; lastKnownFileType = image.png; path = "Icon-38@2x.png"; sourceTree = "<group>"; };
		7FD623011C138D73000D54DA /* Icon-39@2x.png */ = {isa = PBXFileReference; lastKnownFileType = image.png; path = "Icon-39@2x.png"; sourceTree = "<group>"; };
		7FD623031C138F51000D54DA /* Icon-40@2x.png */ = {isa = PBXFileReference; lastKnownFileType = image.png; path = "Icon-40@2x.png"; sourceTree = "<group>"; };
		7FD623051C138FDB000D54DA /* Icon-41@2x.png */ = {isa = PBXFileReference; lastKnownFileType = image.png; path = "Icon-41@2x.png"; sourceTree = "<group>"; };
		7FD623071C13901D000D54DA /* Icon-42@2x.png */ = {isa = PBXFileReference; lastKnownFileType = image.png; path = "Icon-42@2x.png"; sourceTree = "<group>"; };
		7FD623091C13916E000D54DA /* Icon-43@2x.png */ = {isa = PBXFileReference; lastKnownFileType = image.png; path = "Icon-43@2x.png"; sourceTree = "<group>"; };
		7FD6230D1C13931A000D54DA /* Icon-44@2x.png */ = {isa = PBXFileReference; lastKnownFileType = image.png; path = "Icon-44@2x.png"; sourceTree = "<group>"; };
		7FEAC5DB1CB9EDA500B76BEE /* Icon-45@2x.png */ = {isa = PBXFileReference; lastKnownFileType = image.png; path = "Icon-45@2x.png"; sourceTree = "<group>"; };
		A069C6CC19FEBB7400E7E6D5 /* Icon-0@2x.png */ = {isa = PBXFileReference; lastKnownFileType = image.png; path = "Icon-0@2x.png"; sourceTree = "<group>"; };
		A069C6CE19FEDA9B00E7E6D5 /* LICENSE.md */ = {isa = PBXFileReference; fileEncoding = 4; lastKnownFileType = net.daringfireball.markdown; path = LICENSE.md; sourceTree = "<group>"; };
		A069C6D019FEDAA200E7E6D5 /* README.md */ = {isa = PBXFileReference; fileEncoding = 4; lastKnownFileType = net.daringfireball.markdown; path = README.md; sourceTree = "<group>"; };
		A073BBB219F9C7AB0068D6A6 /* WatchBoard.app */ = {isa = PBXFileReference; explicitFileType = wrapper.application; includeInIndex = 0; path = WatchBoard.app; sourceTree = BUILT_PRODUCTS_DIR; };
		A073BBB619F9C7AB0068D6A6 /* Info.plist */ = {isa = PBXFileReference; lastKnownFileType = text.plist.xml; path = Info.plist; sourceTree = "<group>"; };
		A073BBB719F9C7AB0068D6A6 /* main.m */ = {isa = PBXFileReference; lastKnownFileType = sourcecode.c.objc; path = main.m; sourceTree = "<group>"; };
		A073BBB919F9C7AB0068D6A6 /* AppDelegate.h */ = {isa = PBXFileReference; lastKnownFileType = sourcecode.c.h; path = AppDelegate.h; sourceTree = "<group>"; };
		A073BBBA19F9C7AB0068D6A6 /* AppDelegate.m */ = {isa = PBXFileReference; lastKnownFileType = sourcecode.c.objc; path = AppDelegate.m; sourceTree = "<group>"; };
		A073BBBC19F9C7AB0068D6A6 /* ViewController.h */ = {isa = PBXFileReference; lastKnownFileType = sourcecode.c.h; path = ViewController.h; sourceTree = "<group>"; };
		A073BBBD19F9C7AB0068D6A6 /* ViewController.m */ = {isa = PBXFileReference; lastKnownFileType = sourcecode.c.objc; path = ViewController.m; sourceTree = "<group>"; };
		A073BBC019F9C7AB0068D6A6 /* Base */ = {isa = PBXFileReference; lastKnownFileType = file.storyboard; name = Base; path = Base.lproj/Main.storyboard; sourceTree = "<group>"; };
		A073BBC219F9C7AB0068D6A6 /* Images.xcassets */ = {isa = PBXFileReference; lastKnownFileType = folder.assetcatalog; path = Images.xcassets; sourceTree = "<group>"; };
		A073BBC519F9C7AB0068D6A6 /* Base */ = {isa = PBXFileReference; lastKnownFileType = file.xib; name = Base; path = Base.lproj/LaunchScreen.xib; sourceTree = "<group>"; };
		A073BBCB19F9C7AC0068D6A6 /* WatchBoard.xctest */ = {isa = PBXFileReference; explicitFileType = wrapper.cfbundle; includeInIndex = 0; path = WatchBoard.xctest; sourceTree = BUILT_PRODUCTS_DIR; };
		A073BBD019F9C7AC0068D6A6 /* Info.plist */ = {isa = PBXFileReference; lastKnownFileType = text.plist.xml; path = Info.plist; sourceTree = "<group>"; };
		A073BBD119F9C7AC0068D6A6 /* WatchSpringboardTests.m */ = {isa = PBXFileReference; lastKnownFileType = sourcecode.c.objc; path = WatchSpringboardTests.m; sourceTree = "<group>"; };
		A073BBDC19F9C8220068D6A6 /* LMSpringboardView.h */ = {isa = PBXFileReference; fileEncoding = 4; lastKnownFileType = sourcecode.c.h; path = LMSpringboardView.h; sourceTree = "<group>"; };
		A073BBDD19F9C8220068D6A6 /* LMSpringboardView.m */ = {isa = PBXFileReference; fileEncoding = 4; lastKnownFileType = sourcecode.c.objc; path = LMSpringboardView.m; sourceTree = "<group>"; };
		A089811119FAF4EC00034E0B /* LMViewControllerView.h */ = {isa = PBXFileReference; fileEncoding = 4; lastKnownFileType = sourcecode.c.h; path = LMViewControllerView.h; sourceTree = "<group>"; };
		A089811219FAF4EC00034E0B /* LMViewControllerView.m */ = {isa = PBXFileReference; fileEncoding = 4; lastKnownFileType = sourcecode.c.objc; path = LMViewControllerView.m; sourceTree = "<group>"; };
		A089811519FAFC7900034E0B /* Icon-0-for-vibrancy@2x.png */ = {isa = PBXFileReference; lastKnownFileType = image.png; path = "Icon-0-for-vibrancy@2x.png"; sourceTree = "<group>"; };
		A089811619FAFC7900034E0B /* Icon-10@2x.png */ = {isa = PBXFileReference; lastKnownFileType = image.png; path = "Icon-10@2x.png"; sourceTree = "<group>"; };
		A089811719FAFC7900034E0B /* Icon-11@2x.png */ = {isa = PBXFileReference; lastKnownFileType = image.png; path = "Icon-11@2x.png"; sourceTree = "<group>"; };
		A089811819FAFC7900034E0B /* Icon-12@2x.png */ = {isa = PBXFileReference; lastKnownFileType = image.png; path = "Icon-12@2x.png"; sourceTree = "<group>"; };
		A089811919FAFC7900034E0B /* Icon-13@2x.png */ = {isa = PBXFileReference; lastKnownFileType = image.png; path = "Icon-13@2x.png"; sourceTree = "<group>"; };
		A089811A19FAFC7900034E0B /* Icon-14@2x.png */ = {isa = PBXFileReference; lastKnownFileType = image.png; path = "Icon-14@2x.png"; sourceTree = "<group>"; };
		A089811B19FAFC7900034E0B /* Icon-15@2x.png */ = {isa = PBXFileReference; lastKnownFileType = image.png; path = "Icon-15@2x.png"; sourceTree = "<group>"; };
		A089811C19FAFC7900034E0B /* Icon-16@2x.png */ = {isa = PBXFileReference; lastKnownFileType = image.png; path = "Icon-16@2x.png"; sourceTree = "<group>"; };
		A089811D19FAFC7900034E0B /* Icon-17@2x.png */ = {isa = PBXFileReference; lastKnownFileType = image.png; path = "Icon-17@2x.png"; sourceTree = "<group>"; };
		A089811E19FAFC7900034E0B /* Icon-18@2x.png */ = {isa = PBXFileReference; lastKnownFileType = image.png; path = "Icon-18@2x.png"; sourceTree = "<group>"; };
		A089811F19FAFC7900034E0B /* Icon-19@2x.png */ = {isa = PBXFileReference; lastKnownFileType = image.png; path = "Icon-19@2x.png"; sourceTree = "<group>"; };
		A089812019FAFC7900034E0B /* Icon-1@2x.png */ = {isa = PBXFileReference; lastKnownFileType = image.png; path = "Icon-1@2x.png"; sourceTree = "<group>"; };
		A089812119FAFC7900034E0B /* Icon-20@2x.png */ = {isa = PBXFileReference; lastKnownFileType = image.png; path = "Icon-20@2x.png"; sourceTree = "<group>"; };
		A089812219FAFC7900034E0B /* Icon-21@2x.png */ = {isa = PBXFileReference; lastKnownFileType = image.png; path = "Icon-21@2x.png"; sourceTree = "<group>"; };
		A089812319FAFC7900034E0B /* Icon-22@2x.png */ = {isa = PBXFileReference; lastKnownFileType = image.png; path = "Icon-22@2x.png"; sourceTree = "<group>"; };
		A089812419FAFC7900034E0B /* Icon-23@2x.png */ = {isa = PBXFileReference; lastKnownFileType = image.png; path = "Icon-23@2x.png"; sourceTree = "<group>"; };
		A089812519FAFC7900034E0B /* Icon-24@2x.png */ = {isa = PBXFileReference; lastKnownFileType = image.png; path = "Icon-24@2x.png"; sourceTree = "<group>"; };
		A089812619FAFC7900034E0B /* Icon-25@2x.png */ = {isa = PBXFileReference; lastKnownFileType = image.png; path = "Icon-25@2x.png"; sourceTree = "<group>"; };
		A089812719FAFC7900034E0B /* Icon-26@2x.png */ = {isa = PBXFileReference; lastKnownFileType = image.png; path = "Icon-26@2x.png"; sourceTree = "<group>"; };
		A089812819FAFC7900034E0B /* Icon-27@2x.png */ = {isa = PBXFileReference; lastKnownFileType = image.png; path = "Icon-27@2x.png"; sourceTree = "<group>"; };
		A089812919FAFC7900034E0B /* Icon-28@2x.png */ = {isa = PBXFileReference; lastKnownFileType = image.png; path = "Icon-28@2x.png"; sourceTree = "<group>"; };
		A089812A19FAFC7900034E0B /* Icon-29@2x.png */ = {isa = PBXFileReference; lastKnownFileType = image.png; path = "Icon-29@2x.png"; sourceTree = "<group>"; };
		A089812B19FAFC7900034E0B /* Icon-2@2x.png */ = {isa = PBXFileReference; lastKnownFileType = image.png; path = "Icon-2@2x.png"; sourceTree = "<group>"; };
		A089812C19FAFC7900034E0B /* Icon-30@2x.png */ = {isa = PBXFileReference; lastKnownFileType = image.png; path = "Icon-30@2x.png"; sourceTree = "<group>"; };
		A089812D19FAFC7900034E0B /* Icon-31@2x.png */ = {isa = PBXFileReference; lastKnownFileType = image.png; path = "Icon-31@2x.png"; sourceTree = "<group>"; };
		A089812F19FAFC7900034E0B /* Icon-33@2x.png */ = {isa = PBXFileReference; lastKnownFileType = image.png; path = "Icon-33@2x.png"; sourceTree = "<group>"; };
		A089813019FAFC7900034E0B /* Icon-3@2x.png */ = {isa = PBXFileReference; lastKnownFileType = image.png; path = "Icon-3@2x.png"; sourceTree = "<group>"; };
		A089813119FAFC7900034E0B /* Icon-4@2x.png */ = {isa = PBXFileReference; lastKnownFileType = image.png; path = "Icon-4@2x.png"; sourceTree = "<group>"; };
		A089813219FAFC7900034E0B /* Icon-5@2x.png */ = {isa = PBXFileReference; lastKnownFileType = image.png; path = "Icon-5@2x.png"; sourceTree = "<group>"; };
		A089813319FAFC7900034E0B /* Icon-6@2x.png */ = {isa = PBXFileReference; lastKnownFileType = image.png; path = "Icon-6@2x.png"; sourceTree = "<group>"; };
		A089813519FAFC7900034E0B /* Icon-8@2x.png */ = {isa = PBXFileReference; lastKnownFileType = image.png; path = "Icon-8@2x.png"; sourceTree = "<group>"; };
		A089813619FAFC7900034E0B /* Icon-9@2x.png */ = {isa = PBXFileReference; lastKnownFileType = image.png; path = "Icon-9@2x.png"; sourceTree = "<group>"; };
		A089815919FB039E00034E0B /* LMSpringboardItemView.h */ = {isa = PBXFileReference; fileEncoding = 4; lastKnownFileType = sourcecode.c.h; path = LMSpringboardItemView.h; sourceTree = "<group>"; };
		A089815A19FB039E00034E0B /* LMSpringboardItemView.m */ = {isa = PBXFileReference; fileEncoding = 4; lastKnownFileType = sourcecode.c.objc; path = LMSpringboardItemView.m; sourceTree = "<group>"; };
		B2E377B419FF127A00A10D5E /* LMApp.h */ = {isa = PBXFileReference; fileEncoding = 4; lastKnownFileType = sourcecode.c.h; name = LMApp.h; path = LaunchServicesApis/LMApp.h; sourceTree = SOURCE_ROOT; };
		B2E377B519FF127A00A10D5E /* LMApp.m */ = {isa = PBXFileReference; fileEncoding = 4; lastKnownFileType = sourcecode.c.objc; name = LMApp.m; path = LaunchServicesApis/LMApp.m; sourceTree = SOURCE_ROOT; };
		B2E377B619FF127A00A10D5E /* LMAppController.h */ = {isa = PBXFileReference; fileEncoding = 4; lastKnownFileType = sourcecode.c.h; name = LMAppController.h; path = LaunchServicesApis/LMAppController.h; sourceTree = SOURCE_ROOT; };
		B2E377B719FF127A00A10D5E /* LMAppController.m */ = {isa = PBXFileReference; fileEncoding = 4; lastKnownFileType = sourcecode.c.objc; name = LMAppController.m; path = LaunchServicesApis/LMAppController.m; sourceTree = SOURCE_ROOT; };
/* End PBXFileReference section */

/* Begin PBXFrameworksBuildPhase section */
		A073BBAF19F9C7AB0068D6A6 /* Frameworks */ = {
			isa = PBXFrameworksBuildPhase;
			buildActionMask = 2147483647;
			files = (
			);
			runOnlyForDeploymentPostprocessing = 0;
		};
		A073BBC819F9C7AC0068D6A6 /* Frameworks */ = {
			isa = PBXFrameworksBuildPhase;
			buildActionMask = 2147483647;
			files = (
			);
			runOnlyForDeploymentPostprocessing = 0;
		};
/* End PBXFrameworksBuildPhase section */

/* Begin PBXGroup section */
		A073BBA919F9C7AB0068D6A6 = {
			isa = PBXGroup;
			children = (
				A069C6D019FEDAA200E7E6D5 /* README.md */,
				A069C6CE19FEDA9B00E7E6D5 /* LICENSE.md */,
				A073BBB419F9C7AB0068D6A6 /* WatchSpringboard */,
				A073BBCE19F9C7AC0068D6A6 /* WatchSpringboardTests */,
				A073BBB319F9C7AB0068D6A6 /* Products */,
			);
			sourceTree = "<group>";
		};
		A073BBB319F9C7AB0068D6A6 /* Products */ = {
			isa = PBXGroup;
			children = (
				A073BBB219F9C7AB0068D6A6 /* WatchBoard.app */,
				A073BBCB19F9C7AC0068D6A6 /* WatchBoard.xctest */,
			);
			name = Products;
			sourceTree = "<group>";
		};
		A073BBB419F9C7AB0068D6A6 /* WatchSpringboard */ = {
			isa = PBXGroup;
			children = (
				B2E377B319FF126500A10D5E /* PrivateLaunchServicesApis */,
				A073BBDB19F9C7F80068D6A6 /* LMSpringboardView */,
				A073BBB919F9C7AB0068D6A6 /* AppDelegate.h */,
				A073BBBA19F9C7AB0068D6A6 /* AppDelegate.m */,
				A073BBBC19F9C7AB0068D6A6 /* ViewController.h */,
				A073BBBD19F9C7AB0068D6A6 /* ViewController.m */,
				A089811119FAF4EC00034E0B /* LMViewControllerView.h */,
				A089811219FAF4EC00034E0B /* LMViewControllerView.m */,
				A073BBBF19F9C7AB0068D6A6 /* Main.storyboard */,
				A073BBC219F9C7AB0068D6A6 /* Images.xcassets */,
				A073BBC419F9C7AB0068D6A6 /* LaunchScreen.xib */,
				A089811419FAFC7900034E0B /* Icons */,
				A073BBB519F9C7AB0068D6A6 /* Supporting Files */,
			);
			path = WatchSpringboard;
			sourceTree = "<group>";
		};
		A073BBB519F9C7AB0068D6A6 /* Supporting Files */ = {
			isa = PBXGroup;
			children = (
				A073BBB619F9C7AB0068D6A6 /* Info.plist */,
				A073BBB719F9C7AB0068D6A6 /* main.m */,
			);
			name = "Supporting Files";
			sourceTree = "<group>";
		};
		A073BBCE19F9C7AC0068D6A6 /* WatchSpringboardTests */ = {
			isa = PBXGroup;
			children = (
				A073BBD119F9C7AC0068D6A6 /* WatchSpringboardTests.m */,
				A073BBCF19F9C7AC0068D6A6 /* Supporting Files */,
			);
			path = WatchSpringboardTests;
			sourceTree = "<group>";
		};
		A073BBCF19F9C7AC0068D6A6 /* Supporting Files */ = {
			isa = PBXGroup;
			children = (
				A073BBD019F9C7AC0068D6A6 /* Info.plist */,
			);
			name = "Supporting Files";
			sourceTree = "<group>";
		};
		A073BBDB19F9C7F80068D6A6 /* LMSpringboardView */ = {
			isa = PBXGroup;
			children = (
				A073BBDC19F9C8220068D6A6 /* LMSpringboardView.h */,
				A073BBDD19F9C8220068D6A6 /* LMSpringboardView.m */,
				A089815919FB039E00034E0B /* LMSpringboardItemView.h */,
				A089815A19FB039E00034E0B /* LMSpringboardItemView.m */,
			);
			name = LMSpringboardView;
			sourceTree = "<group>";
		};
		A089811419FAFC7900034E0B /* Icons */ = {
			isa = PBXGroup;
			children = (
				A089811519FAFC7900034E0B /* Icon-0-for-vibrancy@2x.png */,
				A069C6CC19FEBB7400E7E6D5 /* Icon-0@2x.png */,
				A089812019FAFC7900034E0B /* Icon-1@2x.png */,
				A089812B19FAFC7900034E0B /* Icon-2@2x.png */,
				A089813019FAFC7900034E0B /* Icon-3@2x.png */,
				A089813119FAFC7900034E0B /* Icon-4@2x.png */,
				A089813219FAFC7900034E0B /* Icon-5@2x.png */,
				A089813319FAFC7900034E0B /* Icon-6@2x.png */,
				7FD622EF1C137ED3000D54DA /* Icon-7@2x.png */,
				A089813519FAFC7900034E0B /* Icon-8@2x.png */,
				A089813619FAFC7900034E0B /* Icon-9@2x.png */,
				A089811619FAFC7900034E0B /* Icon-10@2x.png */,
				A089811719FAFC7900034E0B /* Icon-11@2x.png */,
				A089811819FAFC7900034E0B /* Icon-12@2x.png */,
				A089811919FAFC7900034E0B /* Icon-13@2x.png */,
				A089811A19FAFC7900034E0B /* Icon-14@2x.png */,
				A089811B19FAFC7900034E0B /* Icon-15@2x.png */,
				A089811C19FAFC7900034E0B /* Icon-16@2x.png */,
				A089811D19FAFC7900034E0B /* Icon-17@2x.png */,
				A089811E19FAFC7900034E0B /* Icon-18@2x.png */,
				A089811F19FAFC7900034E0B /* Icon-19@2x.png */,
				A089812119FAFC7900034E0B /* Icon-20@2x.png */,
				A089812219FAFC7900034E0B /* Icon-21@2x.png */,
				A089812319FAFC7900034E0B /* Icon-22@2x.png */,
				A089812419FAFC7900034E0B /* Icon-23@2x.png */,
				A089812519FAFC7900034E0B /* Icon-24@2x.png */,
				A089812619FAFC7900034E0B /* Icon-25@2x.png */,
				A089812719FAFC7900034E0B /* Icon-26@2x.png */,
				A089812819FAFC7900034E0B /* Icon-27@2x.png */,
				A089812919FAFC7900034E0B /* Icon-28@2x.png */,
				A089812A19FAFC7900034E0B /* Icon-29@2x.png */,
				A089812C19FAFC7900034E0B /* Icon-30@2x.png */,
				A089812D19FAFC7900034E0B /* Icon-31@2x.png */,
				7FD622F91C1388BF000D54DA /* Icon-32@2x.png */,
				A089812F19FAFC7900034E0B /* Icon-33@2x.png */,
				7FD622F51C138233000D54DA /* Icon-34@2x.png */,
				7FD622F71C13837C000D54DA /* Icon-35@2x.png */,
				7FD622FB1C138AC3000D54DA /* Icon-36@2x.png */,
				7FD622FD1C138B54000D54DA /* Icon-37@2x.png */,
				7FD622FF1C138BD6000D54DA /* Icon-38@2x.png */,
				7FD623011C138D73000D54DA /* Icon-39@2x.png */,
				7FD623031C138F51000D54DA /* Icon-40@2x.png */,
				7FD623051C138FDB000D54DA /* Icon-41@2x.png */,
				7FD623071C13901D000D54DA /* Icon-42@2x.png */,
				7FD623091C13916E000D54DA /* Icon-43@2x.png */,
				7FD6230D1C13931A000D54DA /* Icon-44@2x.png */,
				7FEAC5DB1CB9EDA500B76BEE /* Icon-45@2x.png */,
			);
			path = Icons;
			sourceTree = "<group>";
		};
		B2E377B319FF126500A10D5E /* PrivateLaunchServicesApis */ = {
			isa = PBXGroup;
			children = (
				B2E377B419FF127A00A10D5E /* LMApp.h */,
				B2E377B519FF127A00A10D5E /* LMApp.m */,
				B2E377B619FF127A00A10D5E /* LMAppController.h */,
				B2E377B719FF127A00A10D5E /* LMAppController.m */,
			);
			name = PrivateLaunchServicesApis;
			sourceTree = "<group>";
		};
/* End PBXGroup section */

/* Begin PBXNativeTarget section */
		A073BBB119F9C7AB0068D6A6 /* WatchBoard */ = {
			isa = PBXNativeTarget;
			buildConfigurationList = A073BBD519F9C7AC0068D6A6 /* Build configuration list for PBXNativeTarget "WatchBoard" */;
			buildPhases = (
				A073BBAE19F9C7AB0068D6A6 /* Sources */,
				A073BBAF19F9C7AB0068D6A6 /* Frameworks */,
				A073BBB019F9C7AB0068D6A6 /* Resources */,
			);
			buildRules = (
			);
			dependencies = (
			);
			name = WatchBoard;
			productName = WatchSpringboard;
			productReference = A073BBB219F9C7AB0068D6A6 /* WatchBoard.app */;
			productType = "com.apple.product-type.application";
		};
		A073BBCA19F9C7AC0068D6A6 /* WatchBoardTests */ = {
			isa = PBXNativeTarget;
			buildConfigurationList = A073BBD819F9C7AC0068D6A6 /* Build configuration list for PBXNativeTarget "WatchBoardTests" */;
			buildPhases = (
				A073BBC719F9C7AC0068D6A6 /* Sources */,
				A073BBC819F9C7AC0068D6A6 /* Frameworks */,
				A073BBC919F9C7AC0068D6A6 /* Resources */,
			);
			buildRules = (
			);
			dependencies = (
				A073BBCD19F9C7AC0068D6A6 /* PBXTargetDependency */,
			);
			name = WatchBoardTests;
			productName = WatchSpringboardTests;
			productReference = A073BBCB19F9C7AC0068D6A6 /* WatchBoard.xctest */;
			productType = "com.apple.product-type.bundle.unit-test";
		};
/* End PBXNativeTarget section */

/* Begin PBXProject section */
		A073BBAA19F9C7AB0068D6A6 /* Project object */ = {
			isa = PBXProject;
			attributes = {
				LastUpgradeCheck = 0730;
				ORGANIZATIONNAME = OwenDonckers;
				TargetAttributes = {
					A073BBB119F9C7AB0068D6A6 = {
						CreatedOnToolsVersion = 6.1;
						DevelopmentTeam = J6PFETQJQU;
					};
					A073BBCA19F9C7AC0068D6A6 = {
						CreatedOnToolsVersion = 6.1;
						TestTargetID = A073BBB119F9C7AB0068D6A6;
					};
				};
			};
			buildConfigurationList = A073BBAD19F9C7AB0068D6A6 /* Build configuration list for PBXProject "WatchBoard" */;
			compatibilityVersion = "Xcode 3.2";
			developmentRegion = English;
			hasScannedForEncodings = 0;
			knownRegions = (
				en,
				Base,
			);
			mainGroup = A073BBA919F9C7AB0068D6A6;
			productRefGroup = A073BBB319F9C7AB0068D6A6 /* Products */;
			projectDirPath = "";
			projectRoot = "";
			targets = (
				A073BBB119F9C7AB0068D6A6 /* WatchBoard */,
				A073BBCA19F9C7AC0068D6A6 /* WatchBoardTests */,
			);
		};
/* End PBXProject section */

/* Begin PBXResourcesBuildPhase section */
		A073BBB019F9C7AB0068D6A6 /* Resources */ = {
			isa = PBXResourcesBuildPhase;
			buildActionMask = 2147483647;
			files = (
				A089814019FAFC7900034E0B /* Icon-18@2x.png in Resources */,
				A089814F19FAFC7900034E0B /* Icon-31@2x.png in Resources */,
				A089813C19FAFC7900034E0B /* Icon-14@2x.png in Resources */,
				A089814619FAFC7900034E0B /* Icon-23@2x.png in Resources */,
				A089815719FAFC7900034E0B /* Icon-8@2x.png in Resources */,
				A089814A19FAFC7900034E0B /* Icon-27@2x.png in Resources */,
				A089814719FAFC7900034E0B /* Icon-24@2x.png in Resources */,
				7FD622FE1C138B54000D54DA /* Icon-37@2x.png in Resources */,
				A089813719FAFC7900034E0B /* Icon-0-for-vibrancy@2x.png in Resources */,
				A089814319FAFC7900034E0B /* Icon-20@2x.png in Resources */,
				A089814419FAFC7900034E0B /* Icon-21@2x.png in Resources */,
				A089814519FAFC7900034E0B /* Icon-22@2x.png in Resources */,
				7FD6230E1C13931A000D54DA /* Icon-44@2x.png in Resources */,
				A069C6CF19FEDA9B00E7E6D5 /* LICENSE.md in Resources */,
				7FEAC5DC1CB9EDA500B76BEE /* Icon-45@2x.png in Resources */,
				A089814119FAFC7900034E0B /* Icon-19@2x.png in Resources */,
				A073BBC119F9C7AB0068D6A6 /* Main.storyboard in Resources */,
				A089814B19FAFC7900034E0B /* Icon-28@2x.png in Resources */,
				7FD623081C13901D000D54DA /* Icon-42@2x.png in Resources */,
				A069C6D119FEDAA200E7E6D5 /* README.md in Resources */,
				A089814E19FAFC7900034E0B /* Icon-30@2x.png in Resources */,
				7FD623021C138D73000D54DA /* Icon-39@2x.png in Resources */,
				A089814219FAFC7900034E0B /* Icon-1@2x.png in Resources */,
				7FD623041C138F51000D54DA /* Icon-40@2x.png in Resources */,
				A089813D19FAFC7900034E0B /* Icon-15@2x.png in Resources */,
				A073BBC619F9C7AB0068D6A6 /* LaunchScreen.xib in Resources */,
				A089814919FAFC7900034E0B /* Icon-26@2x.png in Resources */,
				A089813E19FAFC7900034E0B /* Icon-16@2x.png in Resources */,
				A089815319FAFC7900034E0B /* Icon-4@2x.png in Resources */,
				7FD622FA1C1388BF000D54DA /* Icon-32@2x.png in Resources */,
				A089813A19FAFC7900034E0B /* Icon-12@2x.png in Resources */,
				A089815519FAFC7900034E0B /* Icon-6@2x.png in Resources */,
				A089813919FAFC7900034E0B /* Icon-11@2x.png in Resources */,
				A089813B19FAFC7900034E0B /* Icon-13@2x.png in Resources */,
				A069C6CD19FEBB7400E7E6D5 /* Icon-0@2x.png in Resources */,
				A089815819FAFC7900034E0B /* Icon-9@2x.png in Resources */,
				A089814D19FAFC7900034E0B /* Icon-2@2x.png in Resources */,
				7FD622F61C138233000D54DA /* Icon-34@2x.png in Resources */,
				A089814819FAFC7900034E0B /* Icon-25@2x.png in Resources */,
				7FD622F81C13837C000D54DA /* Icon-35@2x.png in Resources */,
				7FD6230A1C13916E000D54DA /* Icon-43@2x.png in Resources */,
				7FD623001C138BD6000D54DA /* Icon-38@2x.png in Resources */,
				A089813F19FAFC7900034E0B /* Icon-17@2x.png in Resources */,
				7FD623061C138FDB000D54DA /* Icon-41@2x.png in Resources */,
				A089813819FAFC7900034E0B /* Icon-10@2x.png in Resources */,
				A089815219FAFC7900034E0B /* Icon-3@2x.png in Resources */,
				7FD622FC1C138AC3000D54DA /* Icon-36@2x.png in Resources */,
				A089815119FAFC7900034E0B /* Icon-33@2x.png in Resources */,
				A089815419FAFC7900034E0B /* Icon-5@2x.png in Resources */,
				A089814C19FAFC7900034E0B /* Icon-29@2x.png in Resources */,
				A073BBC319F9C7AB0068D6A6 /* Images.xcassets in Resources */,
				7FD622F01C137ED3000D54DA /* Icon-7@2x.png in Resources */,
			);
			runOnlyForDeploymentPostprocessing = 0;
		};
		A073BBC919F9C7AC0068D6A6 /* Resources */ = {
			isa = PBXResourcesBuildPhase;
			buildActionMask = 2147483647;
			files = (
			);
			runOnlyForDeploymentPostprocessing = 0;
		};
/* End PBXResourcesBuildPhase section */

/* Begin PBXSourcesBuildPhase section */
		A073BBAE19F9C7AB0068D6A6 /* Sources */ = {
			isa = PBXSourcesBuildPhase;
			buildActionMask = 2147483647;
			files = (
				A089815B19FB039E00034E0B /* LMSpringboardItemView.m in Sources */,
				A073BBBE19F9C7AB0068D6A6 /* ViewController.m in Sources */,
				B2E377B919FF127A00A10D5E /* LMAppController.m in Sources */,
				A089811319FAF4EC00034E0B /* LMViewControllerView.m in Sources */,
				A073BBDE19F9C8220068D6A6 /* LMSpringboardView.m in Sources */,
				B2E377B819FF127A00A10D5E /* LMApp.m in Sources */,
				A073BBBB19F9C7AB0068D6A6 /* AppDelegate.m in Sources */,
				A073BBB819F9C7AB0068D6A6 /* main.m in Sources */,
			);
			runOnlyForDeploymentPostprocessing = 0;
		};
		A073BBC719F9C7AC0068D6A6 /* Sources */ = {
			isa = PBXSourcesBuildPhase;
			buildActionMask = 2147483647;
			files = (
				A073BBD219F9C7AC0068D6A6 /* WatchSpringboardTests.m in Sources */,
			);
			runOnlyForDeploymentPostprocessing = 0;
		};
/* End PBXSourcesBuildPhase section */

/* Begin PBXTargetDependency section */
		A073BBCD19F9C7AC0068D6A6 /* PBXTargetDependency */ = {
			isa = PBXTargetDependency;
			target = A073BBB119F9C7AB0068D6A6 /* WatchBoard */;
			targetProxy = A073BBCC19F9C7AC0068D6A6 /* PBXContainerItemProxy */;
		};
/* End PBXTargetDependency section */

/* Begin PBXVariantGroup section */
		A073BBBF19F9C7AB0068D6A6 /* Main.storyboard */ = {
			isa = PBXVariantGroup;
			children = (
				A073BBC019F9C7AB0068D6A6 /* Base */,
			);
			name = Main.storyboard;
			sourceTree = "<group>";
		};
		A073BBC419F9C7AB0068D6A6 /* LaunchScreen.xib */ = {
			isa = PBXVariantGroup;
			children = (
				A073BBC519F9C7AB0068D6A6 /* Base */,
			);
			name = LaunchScreen.xib;
			sourceTree = "<group>";
		};
/* End PBXVariantGroup section */

/* Begin XCBuildConfiguration section */
		A073BBD319F9C7AC0068D6A6 /* Debug */ = {
			isa = XCBuildConfiguration;
			buildSettings = {
				ALWAYS_SEARCH_USER_PATHS = NO;
				CLANG_CXX_LANGUAGE_STANDARD = "gnu++0x";
				CLANG_CXX_LIBRARY = "libc++";
				CLANG_ENABLE_MODULES = YES;
				CLANG_ENABLE_OBJC_ARC = YES;
				CLANG_WARN_BOOL_CONVERSION = YES;
				CLANG_WARN_CONSTANT_CONVERSION = YES;
				CLANG_WARN_DIRECT_OBJC_ISA_USAGE = YES_ERROR;
				CLANG_WARN_EMPTY_BODY = YES;
				CLANG_WARN_ENUM_CONVERSION = YES;
				CLANG_WARN_INT_CONVERSION = YES;
				CLANG_WARN_OBJC_ROOT_CLASS = YES_ERROR;
				CLANG_WARN_UNREACHABLE_CODE = YES;
				CLANG_WARN__DUPLICATE_METHOD_MATCH = YES;
				"CODE_SIGN_IDENTITY[sdk=iphoneos*]" = "iPhone Developer";
				COPY_PHASE_STRIP = NO;
				ENABLE_STRICT_OBJC_MSGSEND = YES;
				ENABLE_TESTABILITY = YES;
				GCC_C_LANGUAGE_STANDARD = gnu99;
				GCC_DYNAMIC_NO_PIC = NO;
				GCC_OPTIMIZATION_LEVEL = 0;
				GCC_PREPROCESSOR_DEFINITIONS = (
					"DEBUG=1",
					"$(inherited)",
				);
				GCC_SYMBOLS_PRIVATE_EXTERN = NO;
				GCC_WARN_64_TO_32_BIT_CONVERSION = YES;
				GCC_WARN_ABOUT_RETURN_TYPE = YES_ERROR;
				GCC_WARN_UNDECLARED_SELECTOR = YES;
				GCC_WARN_UNINITIALIZED_AUTOS = YES_AGGRESSIVE;
				GCC_WARN_UNUSED_FUNCTION = YES;
				GCC_WARN_UNUSED_VARIABLE = YES;
				IPHONEOS_DEPLOYMENT_TARGET = 8.1;
				MTL_ENABLE_DEBUG_INFO = YES;
				ONLY_ACTIVE_ARCH = YES;
				SDKROOT = iphoneos;
				TARGETED_DEVICE_FAMILY = "1,2";
			};
			name = Debug;
		};
		A073BBD419F9C7AC0068D6A6 /* Release */ = {
			isa = XCBuildConfiguration;
			buildSettings = {
				ALWAYS_SEARCH_USER_PATHS = NO;
				CLANG_CXX_LANGUAGE_STANDARD = "gnu++0x";
				CLANG_CXX_LIBRARY = "libc++";
				CLANG_ENABLE_MODULES = YES;
				CLANG_ENABLE_OBJC_ARC = YES;
				CLANG_WARN_BOOL_CONVERSION = YES;
				CLANG_WARN_CONSTANT_CONVERSION = YES;
				CLANG_WARN_DIRECT_OBJC_ISA_USAGE = YES_ERROR;
				CLANG_WARN_EMPTY_BODY = YES;
				CLANG_WARN_ENUM_CONVERSION = YES;
				CLANG_WARN_INT_CONVERSION = YES;
				CLANG_WARN_OBJC_ROOT_CLASS = YES_ERROR;
				CLANG_WARN_UNREACHABLE_CODE = YES;
				CLANG_WARN__DUPLICATE_METHOD_MATCH = YES;
				"CODE_SIGN_IDENTITY[sdk=iphoneos*]" = "iPhone Developer";
				COPY_PHASE_STRIP = YES;
				ENABLE_NS_ASSERTIONS = NO;
				ENABLE_STRICT_OBJC_MSGSEND = YES;
				GCC_C_LANGUAGE_STANDARD = gnu99;
				GCC_WARN_64_TO_32_BIT_CONVERSION = YES;
				GCC_WARN_ABOUT_RETURN_TYPE = YES_ERROR;
				GCC_WARN_UNDECLARED_SELECTOR = YES;
				GCC_WARN_UNINITIALIZED_AUTOS = YES_AGGRESSIVE;
				GCC_WARN_UNUSED_FUNCTION = YES;
				GCC_WARN_UNUSED_VARIABLE = YES;
				IPHONEOS_DEPLOYMENT_TARGET = 8.1;
				MTL_ENABLE_DEBUG_INFO = NO;
				SDKROOT = iphoneos;
				TARGETED_DEVICE_FAMILY = "1,2";
				VALIDATE_PRODUCT = YES;
			};
			name = Release;
		};
		A073BBD619F9C7AC0068D6A6 /* Debug */ = {
			isa = XCBuildConfiguration;
			buildSettings = {
				ASSETCATALOG_COMPILER_APPICON_NAME = AppIcon;
				CODE_SIGN_IDENTITY = "iPhone Developer";
				"CODE_SIGN_IDENTITY[sdk=iphoneos*]" = "iPhone Developer";
				INFOPLIST_FILE = WatchSpringboard/Info.plist;
				IPHONEOS_DEPLOYMENT_TARGET = 8.0;
				LD_RUNPATH_SEARCH_PATHS = "$(inherited) @executable_path/Frameworks";
				PRODUCT_BUNDLE_IDENTIFIER = OwenDonckers.WatchSpringboard;
				PRODUCT_NAME = WatchBoard;
				PROVISIONING_PROFILE = "";
			};
			name = Debug;
		};
		A073BBD719F9C7AC0068D6A6 /* Release */ = {
			isa = XCBuildConfiguration;
			buildSettings = {
				ASSETCATALOG_COMPILER_APPICON_NAME = AppIcon;
				CODE_SIGN_IDENTITY = "iPhone Developer";
				"CODE_SIGN_IDENTITY[sdk=iphoneos*]" = "iPhone Developer";
				INFOPLIST_FILE = WatchSpringboard/Info.plist;
				IPHONEOS_DEPLOYMENT_TARGET = 8.0;
				LD_RUNPATH_SEARCH_PATHS = "$(inherited) @executable_path/Frameworks";
				PRODUCT_BUNDLE_IDENTIFIER = OwenDonckers.WatchSpringboard;
				PRODUCT_NAME = WatchBoard;
				PROVISIONING_PROFILE = "";
			};
			name = Release;
		};
		A073BBD919F9C7AC0068D6A6 /* Debug */ = {
			isa = XCBuildConfiguration;
			buildSettings = {
				BUNDLE_LOADER = "$(TEST_HOST)";
				FRAMEWORK_SEARCH_PATHS = (
					"$(SDKROOT)/Developer/Library/Frameworks",
					"$(inherited)",
				);
				GCC_PREPROCESSOR_DEFINITIONS = (
					"DEBUG=1",
					"$(inherited)",
				);
				INFOPLIST_FILE = WatchSpringboardTests/Info.plist;
				LD_RUNPATH_SEARCH_PATHS = "$(inherited) @executable_path/Frameworks @loader_path/Frameworks";
				PRODUCT_BUNDLE_IDENTIFIER = "com.lmmenge.$(PRODUCT_NAME:rfc1034identifier)";
				PRODUCT_NAME = WatchBoard;
				TEST_HOST = "$(BUILT_PRODUCTS_DIR)/WatchBoard.app/WatchBoard";
			};
			name = Debug;
		};
		A073BBDA19F9C7AC0068D6A6 /* Release */ = {
			isa = XCBuildConfiguration;
			buildSettings = {
				BUNDLE_LOADER = "$(TEST_HOST)";
				FRAMEWORK_SEARCH_PATHS = (
					"$(SDKROOT)/Developer/Library/Frameworks",
					"$(inherited)",
				);
				INFOPLIST_FILE = WatchSpringboardTests/Info.plist;
				LD_RUNPATH_SEARCH_PATHS = "$(inherited) @executable_path/Frameworks @loader_path/Frameworks";
				PRODUCT_BUNDLE_IDENTIFIER = "com.lmmenge.$(PRODUCT_NAME:rfc1034identifier)";
				PRODUCT_NAME = WatchBoard;
				TEST_HOST = "$(BUILT_PRODUCTS_DIR)/WatchBoard.app/WatchBoard";
			};
			name = Release;
		};
/* End XCBuildConfiguration section */

/* Begin XCConfigurationList section */
		A073BBAD19F9C7AB0068D6A6 /* Build configuration list for PBXProject "WatchBoard" */ = {
			isa = XCConfigurationList;
			buildConfigurations = (
				A073BBD319F9C7AC0068D6A6 /* Debug */,
				A073BBD419F9C7AC0068D6A6 /* Release */,
			);
			defaultConfigurationIsVisible = 0;
			defaultConfigurationName = Release;
		};
		A073BBD519F9C7AC0068D6A6 /* Build configuration list for PBXNativeTarget "WatchBoard" */ = {
			isa = XCConfigurationList;
			buildConfigurations = (
				A073BBD619F9C7AC0068D6A6 /* Debug */,
				A073BBD719F9C7AC0068D6A6 /* Release */,
			);
			defaultConfigurationIsVisible = 0;
			defaultConfigurationName = Release;
		};
		A073BBD819F9C7AC0068D6A6 /* Build configuration list for PBXNativeTarget "WatchBoardTests" */ = {
			isa = XCConfigurationList;
			buildConfigurations = (
				A073BBD919F9C7AC0068D6A6 /* Debug */,
				A073BBDA19F9C7AC0068D6A6 /* Release */,
			);
			defaultConfigurationIsVisible = 0;
			defaultConfigurationName = Release;
		};
/* End XCConfigurationList section */
	};
	rootObject = A073BBAA19F9C7AB0068D6A6 /* Project object */;
}
